
Microsoft Visual Studio Solution File, Format Version 12.00
# Visual Studio Version 17
VisualStudioVersion = 17.6.33815.320
MinimumVisualStudioVersion = 10.0.40219.1
Project("{FAE04EC0-301F-11D3-BF4B-00C04F79EFBC}") = "Cseresznye_IASR1J_App", "Cseresznye_IASR1J_App\Cseresznye_IASR1J_App.csproj", "{32C924AD-A662-4C22-A297-CA4180FB006D}"
EndProject
Project("{FAE04EC0-301F-11D3-BF4B-00C04F79EFBC}") = "Cseresznye_IASR1J_Web", "Cseresznye_IASR1J_Web\Cseresznye_IASR1J_Web.csproj", "{0E0E57A8-44AF-4668-83C0-BC8843AD9D00}"
EndProject
Global
	GlobalSection(SolutionConfigurationPlatforms) = preSolution
		Debug|Any CPU = Debug|Any CPU
		Release|Any CPU = Release|Any CPU
	EndGlobalSection
	GlobalSection(ProjectConfigurationPlatforms) = postSolution
		{32C924AD-A662-4C22-A297-CA4180FB006D}.Debug|Any CPU.ActiveCfg = Debug|Any CPU
		{32C924AD-A662-4C22-A297-CA4180FB006D}.Debug|Any CPU.Build.0 = Debug|Any CPU
		{32C924AD-A662-4C22-A297-CA4180FB006D}.Release|Any CPU.ActiveCfg = Release|Any CPU
		{32C924AD-A662-4C22-A297-CA4180FB006D}.Release|Any CPU.Build.0 = Release|Any CPU
		{0E0E57A8-44AF-4668-83C0-BC8843AD9D00}.Debug|Any CPU.ActiveCfg = Debug|Any CPU
		{0E0E57A8-44AF-4668-83C0-BC8843AD9D00}.Debug|Any CPU.Build.0 = Debug|Any CPU
		{0E0E57A8-44AF-4668-83C0-BC8843AD9D00}.Release|Any CPU.ActiveCfg = Release|Any CPU
		{0E0E57A8-44AF-4668-83C0-BC8843AD9D00}.Release|Any CPU.Build.0 = Release|Any CPU
	EndGlobalSection
	GlobalSection(SolutionProperties) = preSolution
		HideSolutionNode = FALSE
	EndGlobalSection
	GlobalSection(ExtensibilityGlobals) = postSolution
		SolutionGuid = {0D591DAB-2E3F-4453-977D-6C5219D6D612}
	EndGlobalSection
EndGlobal
