
Microsoft Visual Studio Solution File, Format Version 12.00
# Visual Studio Version 17
VisualStudioVersion = 17.9.34622.214
MinimumVisualStudioVersion = 10.0.40219.1
Project("{FAE04EC0-301F-11D3-BF4B-00C04F79EFBC}") = "CarSharing", "CarSharing.csproj", "{B2D355CE-89AA-42C9-944D-C5C1855EC755}"
EndProject
Project("{FAE04EC0-301F-11D3-BF4B-00C04F79EFBC}") = "CarSharingWeb", "..\CarSharingWeb\CarSharingWeb.csproj", "{D13CCAD1-03EE-4392-89DA-59EDFE16F403}"
EndProject
Global
	GlobalSection(SolutionConfigurationPlatforms) = preSolution
		Debug|Any CPU = Debug|Any CPU
		Release|Any CPU = Release|Any CPU
	EndGlobalSection
	GlobalSection(ProjectConfigurationPlatforms) = postSolution
		{B2D355CE-89AA-42C9-944D-C5C1855EC755}.Debug|Any CPU.ActiveCfg = Debug|Any CPU
		{B2D355CE-89AA-42C9-944D-C5C1855EC755}.Debug|Any CPU.Build.0 = Debug|Any CPU
		{B2D355CE-89AA-42C9-944D-C5C1855EC755}.Release|Any CPU.ActiveCfg = Release|Any CPU
		{B2D355CE-89AA-42C9-944D-C5C1855EC755}.Release|Any CPU.Build.0 = Release|Any CPU
		{D13CCAD1-03EE-4392-89DA-59EDFE16F403}.Debug|Any CPU.ActiveCfg = Debug|Any CPU
		{D13CCAD1-03EE-4392-89DA-59EDFE16F403}.Debug|Any CPU.Build.0 = Debug|Any CPU
		{D13CCAD1-03EE-4392-89DA-59EDFE16F403}.Release|Any CPU.ActiveCfg = Release|Any CPU
		{D13CCAD1-03EE-4392-89DA-59EDFE16F403}.Release|Any CPU.Build.0 = Release|Any CPU
	EndGlobalSection
	GlobalSection(SolutionProperties) = preSolution
		HideSolutionNode = FALSE
	EndGlobalSection
	GlobalSection(ExtensibilityGlobals) = postSolution
		SolutionGuid = {A9F030B5-F82E-4262-AEC2-D09DA06C6F57}
	EndGlobalSection
EndGlobal
