
Microsoft Visual Studio Solution File, Format Version 12.00
# Visual Studio Version 17
VisualStudioVersion = 17.9.34622.214
MinimumVisualStudioVersion = 10.0.40219.1
Project("{FAE04EC0-301F-11D3-BF4B-00C04F79EFBC}") = "cpza", "cpza\cpza.csproj", "{C9931E71-0435-4244-8011-CFE0B2E50971}"
EndProject
Project("{FAE04EC0-301F-11D3-BF4B-00C04F79EFBC}") = "cpzw", "cpzw\cpzw.csproj", "{B7CE4CA3-2891-4AD8-B97E-260C62A67545}"
EndProject
Global
	GlobalSection(SolutionConfigurationPlatforms) = preSolution
		Debug|Any CPU = Debug|Any CPU
		Release|Any CPU = Release|Any CPU
	EndGlobalSection
	GlobalSection(ProjectConfigurationPlatforms) = postSolution
		{C9931E71-0435-4244-8011-CFE0B2E50971}.Debug|Any CPU.ActiveCfg = Debug|Any CPU
		{C9931E71-0435-4244-8011-CFE0B2E50971}.Debug|Any CPU.Build.0 = Debug|Any CPU
		{C9931E71-0435-4244-8011-CFE0B2E50971}.Release|Any CPU.ActiveCfg = Release|Any CPU
		{C9931E71-0435-4244-8011-CFE0B2E50971}.Release|Any CPU.Build.0 = Release|Any CPU
		{B7CE4CA3-2891-4AD8-B97E-260C62A67545}.Debug|Any CPU.ActiveCfg = Debug|Any CPU
		{B7CE4CA3-2891-4AD8-B97E-260C62A67545}.Debug|Any CPU.Build.0 = Debug|Any CPU
		{B7CE4CA3-2891-4AD8-B97E-260C62A67545}.Release|Any CPU.ActiveCfg = Release|Any CPU
		{B7CE4CA3-2891-4AD8-B97E-260C62A67545}.Release|Any CPU.Build.0 = Release|Any CPU
	EndGlobalSection
	GlobalSection(SolutionProperties) = preSolution
		HideSolutionNode = FALSE
	EndGlobalSection
	GlobalSection(ExtensibilityGlobals) = postSolution
		SolutionGuid = {BD4824A5-234C-448E-A611-642CC7D453AB}
	EndGlobalSection
EndGlobal
