
Microsoft Visual Studio Solution File, Format Version 12.00
# Visual Studio Version 17
VisualStudioVersion = 17.9.34622.214
MinimumVisualStudioVersion = 10.0.40219.1
Project("{FAE04EC0-301F-11D3-BF4B-00C04F79EFBC}") = "GyakorloFeladatsor", "GyakorloFeladatsor.csproj", "{2A96CE28-96E1-40FC-A27E-A80874F02E0E}"
EndProject
Global
	GlobalSection(SolutionConfigurationPlatforms) = preSolution
		Debug|Any CPU = Debug|Any CPU
		Release|Any CPU = Release|Any CPU
	EndGlobalSection
	GlobalSection(ProjectConfigurationPlatforms) = postSolution
		{2A96CE28-96E1-40FC-A27E-A80874F02E0E}.Debug|Any CPU.ActiveCfg = Debug|Any CPU
		{2A96CE28-96E1-40FC-A27E-A80874F02E0E}.Debug|Any CPU.Build.0 = Debug|Any CPU
		{2A96CE28-96E1-40FC-A27E-A80874F02E0E}.Release|Any CPU.ActiveCfg = Release|Any CPU
		{2A96CE28-96E1-40FC-A27E-A80874F02E0E}.Release|Any CPU.Build.0 = Release|Any CPU
	EndGlobalSection
	GlobalSection(SolutionProperties) = preSolution
		HideSolutionNode = FALSE
	EndGlobalSection
	GlobalSection(ExtensibilityGlobals) = postSolution
		SolutionGuid = {BE874978-C788-44F8-A930-CB677809E2C4}
	EndGlobalSection
EndGlobal
